Microsoft Visual Studio Solution File, Format Version 12.00
# Visual Studio 2012
Project("{FAE04EC0-301F-11D3-BF4B-00C04F79EFBC}") = "2d_platformer", "2d_platformer.csproj", "{003B55D2-5368-47F6-B37A-4275676E7EFF}"
EndProject
Global
	GlobalSection(SolutionConfigurationPlatforms) = preSolution
	Debug|Any CPU = Debug|Any CPU
	ExportDebug|Any CPU = ExportDebug|Any CPU
	ExportRelease|Any CPU = ExportRelease|Any CPU
	EndGlobalSection
	GlobalSection(ProjectConfigurationPlatforms) = postSolution
		{003B55D2-5368-47F6-B37A-4275676E7EFF}.Debug|Any CPU.ActiveCfg = Debug|Any CPU
		{003B55D2-5368-47F6-B37A-4275676E7EFF}.Debug|Any CPU.Build.0 = Debug|Any CPU
		{003B55D2-5368-47F6-B37A-4275676E7EFF}.ExportDebug|Any CPU.ActiveCfg = ExportDebug|Any CPU
		{003B55D2-5368-47F6-B37A-4275676E7EFF}.ExportDebug|Any CPU.Build.0 = ExportDebug|Any CPU
		{003B55D2-5368-47F6-B37A-4275676E7EFF}.ExportRelease|Any CPU.ActiveCfg = ExportRelease|Any CPU
		{003B55D2-5368-47F6-B37A-4275676E7EFF}.ExportRelease|Any CPU.Build.0 = ExportRelease|Any CPU
	EndGlobalSection
EndGlobal
